
Microsoft Visual Studio Solution File, Format Version 12.00
# Visual Studio Version 16
VisualStudioVersion = 16.0.31005.135
MinimumVisualStudioVersion = 10.0.40219.1
Project("{FAE04EC0-301F-11D3-BF4B-00C04F79EFBC}") = "farm_company_v1", "farm_company_v1\farm_company_v1.csproj", "{F5375852-17E3-41DC-BE24-73AE61A46A77}"
EndProject
Global
	GlobalSection(SolutionConfigurationPlatforms) = preSolution
		Debug|Any CPU = Debug|Any CPU
		Release|Any CPU = Release|Any CPU
	EndGlobalSection
	GlobalSection(ProjectConfigurationPlatforms) = postSolution
		{F5375852-17E3-41DC-BE24-73AE61A46A77}.Debug|Any CPU.ActiveCfg = Debug|Any CPU
		{F5375852-17E3-41DC-BE24-73AE61A46A77}.Debug|Any CPU.Build.0 = Debug|Any CPU
		{F5375852-17E3-41DC-BE24-73AE61A46A77}.Release|Any CPU.ActiveCfg = Release|Any CPU
		{F5375852-17E3-41DC-BE24-73AE61A46A77}.Release|Any CPU.Build.0 = Release|Any CPU
	EndGlobalSection
	GlobalSection(SolutionProperties) = preSolution
		HideSolutionNode = FALSE
	EndGlobalSection
	GlobalSection(ExtensibilityGlobals) = postSolution
		SolutionGuid = {3C0A4922-214C-4EC1-A2ED-FB91FA9247A3}
	EndGlobalSection
EndGlobal
